
Microsoft Visual Studio Solution File, Format Version 12.00
# Visual Studio Version 17
VisualStudioVersion = 17.6.33927.249
MinimumVisualStudioVersion = 10.0.40219.1
Project("{FAE04EC0-301F-11D3-BF4B-00C04F79EFBC}") = "FunWithLists", "FunWithLists\FunWithLists.csproj", "{23B2167D-BB56-4804-9ACA-D269C607C009}"
EndProject
Global
	GlobalSection(SolutionConfigurationPlatforms) = preSolution
		Debug|Any CPU = Debug|Any CPU
		Release|Any CPU = Release|Any CPU
	EndGlobalSection
	GlobalSection(ProjectConfigurationPlatforms) = postSolution
		{23B2167D-BB56-4804-9ACA-D269C607C009}.Debug|Any CPU.ActiveCfg = Debug|Any CPU
		{23B2167D-BB56-4804-9ACA-D269C607C009}.Debug|Any CPU.Build.0 = Debug|Any CPU
		{23B2167D-BB56-4804-9ACA-D269C607C009}.Release|Any CPU.ActiveCfg = Release|Any CPU
		{23B2167D-BB56-4804-9ACA-D269C607C009}.Release|Any CPU.Build.0 = Release|Any CPU
	EndGlobalSection
	GlobalSection(SolutionProperties) = preSolution
		HideSolutionNode = FALSE
	EndGlobalSection
	GlobalSection(ExtensibilityGlobals) = postSolution
		SolutionGuid = {BD93D0DB-B5B4-419B-A585-BC5E4C1DC9CC}
	EndGlobalSection
EndGlobal
